// !$*UTF8*$!
{
	archiveVersion = 1;
	classes = {
	};
	objectVersion = 51;
	objects = {

/* Begin PBXBuildFile section */
		6F10A7D1240818D20072A71A /* MainTabBarController.swift in Sources */ = {isa = PBXBuildFile; fileRef = 6F10A7D0240818D20072A71A /* MainTabBarController.swift */; };
		6F29EC51240580B800CAE702 /* Extension.swift in Sources */ = {isa = PBXBuildFile; fileRef = 6F29EC50240580B800CAE702 /* Extension.swift */; };
		6F301D98241C0B55007DB4E3 /* logo_book.png in Resources */ = {isa = PBXBuildFile; fileRef = 6F301D97241C0B55007DB4E3 /* logo_book.png */; };
		6F301D9A241C0CAD007DB4E3 /* BookImage.swift in Sources */ = {isa = PBXBuildFile; fileRef = 6F301D99241C0CAD007DB4E3 /* BookImage.swift */; };
		6F301D9C241C9748007DB4E3 /* DetailBookViewController.swift in Sources */ = {isa = PBXBuildFile; fileRef = 6F301D9B241C9748007DB4E3 /* DetailBookViewController.swift */; };
		6F43AAB8240B822800351AD0 /* ProfileNavigationController.swift in Sources */ = {isa = PBXBuildFile; fileRef = 6F43AAB7240B822800351AD0 /* ProfileNavigationController.swift */; };
		6F43AABA240B8BBE00351AD0 /* RegisterViewController.swift in Sources */ = {isa = PBXBuildFile; fileRef = 6F43AAB9240B8BBE00351AD0 /* RegisterViewController.swift */; };
		6F43AABC240B906100351AD0 /* GoogleService-Info.plist in Resources */ = {isa = PBXBuildFile; fileRef = 6F43AABB240B906100351AD0 /* GoogleService-Info.plist */; };
		6F43AB65240D3DBD00351AD0 /* Pods_SmartLibrary.framework in Frameworks */ = {isa = PBXBuildFile; fileRef = A0E6EB09C0380EA7B0922243 /* Pods_SmartLibrary.framework */; };
		6F43AB66240D3DBD00351AD0 /* Pods_SmartLibrary.framework in Embed Frameworks */ = {isa = PBXBuildFile; fileRef = A0E6EB09C0380EA7B0922243 /* Pods_SmartLibrary.framework */; settings = {ATTRIBUTES = (CodeSignOnCopy, RemoveHeadersOnCopy, ); }; };
		6F43AB6D240D480400351AD0 /* Utilities.swift in Sources */ = {isa = PBXBuildFile; fileRef = 6F43AB6C240D480400351AD0 /* Utilities.swift */; };
		6F43AB71240D524100351AD0 /* Constants.swift in Sources */ = {isa = PBXBuildFile; fileRef = 6F43AB70240D524100351AD0 /* Constants.swift */; };
		6F43AB78240ECF5F00351AD0 /* FjallaOne-Regular.ttf in Resources */ = {isa = PBXBuildFile; fileRef = 6F43AB77240ECF5F00351AD0 /* FjallaOne-Regular.ttf */; };
		6F43AB82240ED3DB00351AD0 /* RoundTextField.swift in Sources */ = {isa = PBXBuildFile; fileRef = 6F43AB81240ED3DB00351AD0 /* RoundTextField.swift */; };
		6F89B32B241A6340001CF0BF /* LibraryTableViewController.swift in Sources */ = {isa = PBXBuildFile; fileRef = 6F89B32A241A6340001CF0BF /* LibraryTableViewController.swift */; };
		6F89B32D241A637F001CF0BF /* LibraryNavigationController.swift in Sources */ = {isa = PBXBuildFile; fileRef = 6F89B32C241A637F001CF0BF /* LibraryNavigationController.swift */; };
		6F89B331241A63BC001CF0BF /* MapViewController.swift in Sources */ = {isa = PBXBuildFile; fileRef = 6F89B330241A63BC001CF0BF /* MapViewController.swift */; };
		6F89B333241A63EC001CF0BF /* MapNavigationController.swift in Sources */ = {isa = PBXBuildFile; fileRef = 6F89B332241A63EC001CF0BF /* MapNavigationController.swift */; };
		6F89B335241A6411001CF0BF /* ProfileViewController.swift in Sources */ = {isa = PBXBuildFile; fileRef = 6F89B334241A6411001CF0BF /* ProfileViewController.swift */; };
		6F89B33A241A66DF001CF0BF /* Book.swift in Sources */ = {isa = PBXBuildFile; fileRef = 6F89B339241A66DF001CF0BF /* Book.swift */; };
		6F89B33C241A6904001CF0BF /* BookTableViewCell.swift in Sources */ = {isa = PBXBuildFile; fileRef = 6F89B33B241A6904001CF0BF /* BookTableViewCell.swift */; };
		6F9C546C2414362E00ED2E4C /* logo.png in Resources */ = {isa = PBXBuildFile; fileRef = 6F9C546B2414362E00ED2E4C /* logo.png */; };
		6F9E9913241CDC900012A6B7 /* User.swift in Sources */ = {isa = PBXBuildFile; fileRef = 6F9E9912241CDC900012A6B7 /* User.swift */; };
		6FF9EF69240578F40021A25B /* AppDelegate.swift in Sources */ = {isa = PBXBuildFile; fileRef = 6FF9EF68240578F40021A25B /* AppDelegate.swift */; };
		6FF9EF6B240578F40021A25B /* SceneDelegate.swift in Sources */ = {isa = PBXBuildFile; fileRef = 6FF9EF6A240578F40021A25B /* SceneDelegate.swift */; };
		6FF9EF6D240578F40021A25B /* ViewController.swift in Sources */ = {isa = PBXBuildFile; fileRef = 6FF9EF6C240578F40021A25B /* ViewController.swift */; };
		6FF9EF70240578F40021A25B /* Main.storyboard in Resources */ = {isa = PBXBuildFile; fileRef = 6FF9EF6E240578F40021A25B /* Main.storyboard */; };
		6FF9EF72240578F60021A25B /* Assets.xcassets in Resources */ = {isa = PBXBuildFile; fileRef = 6FF9EF71240578F60021A25B /* Assets.xcassets */; };
		6FF9EF75240578F60021A25B /* LaunchScreen.storyboard in Resources */ = {isa = PBXBuildFile; fileRef = 6FF9EF73240578F60021A25B /* LaunchScreen.storyboard */; };
/* End PBXBuildFile section */

/* Begin PBXCopyFilesBuildPhase section */
		6F43AB67240D3DBD00351AD0 /* Embed Frameworks */ = {
			isa = PBXCopyFilesBuildPhase;
			buildActionMask = 2147483647;
			dstPath = "";
			dstSubfolderSpec = 10;
			files = (
				6F43AB66240D3DBD00351AD0 /* Pods_SmartLibrary.framework in Embed Frameworks */,
			);
			name = "Embed Frameworks";
			runOnlyForDeploymentPostprocessing = 0;
		};
/* End PBXCopyFilesBuildPhase section */

/* Begin PBXFileReference section */
		6F10A7D0240818D20072A71A /* MainTabBarController.swift */ = {isa = PBXFileReference; lastKnownFileType = sourcecode.swift; path = MainTabBarController.swift; sourceTree = "<group>"; };
		6F29EC50240580B800CAE702 /* Extension.swift */ = {isa = PBXFileReference; lastKnownFileType = sourcecode.swift; path = Extension.swift; sourceTree = "<group>"; };
		6F301D97241C0B55007DB4E3 /* logo_book.png */ = {isa = PBXFileReference; lastKnownFileType = image.png; path = logo_book.png; sourceTree = "<group>"; };
		6F301D99241C0CAD007DB4E3 /* BookImage.swift */ = {isa = PBXFileReference; lastKnownFileType = sourcecode.swift; path = BookImage.swift; sourceTree = "<group>"; };
		6F301D9B241C9748007DB4E3 /* DetailBookViewController.swift */ = {isa = PBXFileReference; lastKnownFileType = sourcecode.swift; path = DetailBookViewController.swift; sourceTree = "<group>"; };
		6F43AAB7240B822800351AD0 /* ProfileNavigationController.swift */ = {isa = PBXFileReference; lastKnownFileType = sourcecode.swift; path = ProfileNavigationController.swift; sourceTree = "<group>"; };
		6F43AAB9240B8BBE00351AD0 /* RegisterViewController.swift */ = {isa = PBXFileReference; lastKnownFileType = sourcecode.swift; path = RegisterViewController.swift; sourceTree = "<group>"; };
		6F43AABB240B906100351AD0 /* GoogleService-Info.plist */ = {isa = PBXFileReference; fileEncoding = 4; lastKnownFileType = text.plist.xml; path = "GoogleService-Info.plist"; sourceTree = "<group>"; };
		6F43AABD240D350D00351AD0 /* FBLPromises.framework */ = {isa = PBXFileReference; explicitFileType = wrapper.framework; path = FBLPromises.framework; sourceTree = BUILT_PRODUCTS_DIR; };
		6F43AABE240D350D00351AD0 /* FirebaseAuth.framework */ = {isa = PBXFileReference; explicitFileType = wrapper.framework; path = FirebaseAuth.framework; sourceTree = BUILT_PRODUCTS_DIR; };
		6F43AABF240D350D00351AD0 /* FirebaseCore.framework */ = {isa = PBXFileReference; explicitFileType = wrapper.framework; path = FirebaseCore.framework; sourceTree = BUILT_PRODUCTS_DIR; };
		6F43AAC0240D350D00351AD0 /* FirebaseCoreDiagnostics.framework */ = {isa = PBXFileReference; explicitFileType = wrapper.framework; path = FirebaseCoreDiagnostics.framework; sourceTree = BUILT_PRODUCTS_DIR; };
		6F43AAC1240D350D00351AD0 /* FirebaseDatabase.framework */ = {isa = PBXFileReference; explicitFileType = wrapper.framework; path = FirebaseDatabase.framework; sourceTree = BUILT_PRODUCTS_DIR; };
		6F43AAC2240D350D00351AD0 /* FirebaseInstallations.framework */ = {isa = PBXFileReference; explicitFileType = wrapper.framework; path = FirebaseInstallations.framework; sourceTree = BUILT_PRODUCTS_DIR; };
		6F43AAC3240D350D00351AD0 /* FirebaseStorage.framework */ = {isa = PBXFileReference; explicitFileType = wrapper.framework; path = FirebaseStorage.framework; sourceTree = BUILT_PRODUCTS_DIR; };
		6F43AAC4240D350D00351AD0 /* GoogleDataTransport.framework */ = {isa = PBXFileReference; explicitFileType = wrapper.framework; path = GoogleDataTransport.framework; sourceTree = BUILT_PRODUCTS_DIR; };
		6F43AAC5240D350D00351AD0 /* GoogleDataTransportCCTSupport.framework */ = {isa = PBXFileReference; explicitFileType = wrapper.framework; path = GoogleDataTransportCCTSupport.framework; sourceTree = BUILT_PRODUCTS_DIR; };
		6F43AAC6240D350D00351AD0 /* GoogleUtilities.framework */ = {isa = PBXFileReference; explicitFileType = wrapper.framework; path = GoogleUtilities.framework; sourceTree = BUILT_PRODUCTS_DIR; };
		6F43AAC7240D350D00351AD0 /* GTMSessionFetcher.framework */ = {isa = PBXFileReference; explicitFileType = wrapper.framework; path = GTMSessionFetcher.framework; sourceTree = BUILT_PRODUCTS_DIR; };
		6F43AAC8240D350D00351AD0 /* leveldb.framework */ = {isa = PBXFileReference; explicitFileType = wrapper.framework; path = leveldb.framework; sourceTree = BUILT_PRODUCTS_DIR; };
		6F43AAC9240D350D00351AD0 /* nanopb.framework */ = {isa = PBXFileReference; explicitFileType = wrapper.framework; path = nanopb.framework; sourceTree = BUILT_PRODUCTS_DIR; };
		6F43AAE7240D352B00351AD0 /* FirebaseAuth.framework */ = {isa = PBXFileReference; explicitFileType = wrapper.framework; path = FirebaseAuth.framework; sourceTree = BUILT_PRODUCTS_DIR; };
		6F43AAE8240D352B00351AD0 /* FirebaseCore.framework */ = {isa = PBXFileReference; explicitFileType = wrapper.framework; path = FirebaseCore.framework; sourceTree = BUILT_PRODUCTS_DIR; };
		6F43AAE9240D352B00351AD0 /* FirebaseCoreDiagnostics.framework */ = {isa = PBXFileReference; explicitFileType = wrapper.framework; path = FirebaseCoreDiagnostics.framework; sourceTree = BUILT_PRODUCTS_DIR; };
		6F43AAEA240D352B00351AD0 /* FirebaseDatabase.framework */ = {isa = PBXFileReference; explicitFileType = wrapper.framework; path = FirebaseDatabase.framework; sourceTree = BUILT_PRODUCTS_DIR; };
		6F43AAEB240D352B00351AD0 /* FirebaseInstallations.framework */ = {isa = PBXFileReference; explicitFileType = wrapper.framework; path = FirebaseInstallations.framework; sourceTree = BUILT_PRODUCTS_DIR; };
		6F43AAEC240D352B00351AD0 /* FirebaseStorage.framework */ = {isa = PBXFileReference; explicitFileType = wrapper.framework; path = FirebaseStorage.framework; sourceTree = BUILT_PRODUCTS_DIR; };
		6F43AAED240D352B00351AD0 /* GoogleDataTransport.framework */ = {isa = PBXFileReference; explicitFileType = wrapper.framework; path = GoogleDataTransport.framework; sourceTree = BUILT_PRODUCTS_DIR; };
		6F43AAFD240D357600351AD0 /* FirebaseAuth.framework */ = {isa = PBXFileReference; explicitFileType = wrapper.framework; path = FirebaseAuth.framework; sourceTree = BUILT_PRODUCTS_DIR; };
		6F43AB1F240D38A400351AD0 /* SmartLibrary copy-Info.plist */ = {isa = PBXFileReference; lastKnownFileType = text.plist.xml; name = "SmartLibrary copy-Info.plist"; path = "/Users/totalboy/Desktop/Swift/SmartLibrary/SmartLibrary copy-Info.plist"; sourceTree = "<absolute>"; };
		6F43AB20240D39CA00351AD0 /* FirebaseAuth.framework */ = {isa = PBXFileReference; explicitFileType = wrapper.framework; path = FirebaseAuth.framework; sourceTree = BUILT_PRODUCTS_DIR; };
		6F43AB23240D3D9100351AD0 /* FBLPromises.framework */ = {isa = PBXFileReference; explicitFileType = wrapper.framework; path = FBLPromises.framework; sourceTree = BUILT_PRODUCTS_DIR; };
		6F43AB24240D3D9100351AD0 /* FirebaseAuth.framework */ = {isa = PBXFileReference; explicitFileType = wrapper.framework; path = FirebaseAuth.framework; sourceTree = BUILT_PRODUCTS_DIR; };
		6F43AB25240D3D9100351AD0 /* FirebaseCore.framework */ = {isa = PBXFileReference; explicitFileType = wrapper.framework; path = FirebaseCore.framework; sourceTree = BUILT_PRODUCTS_DIR; };
		6F43AB26240D3D9100351AD0 /* FirebaseCoreDiagnostics.framework */ = {isa = PBXFileReference; explicitFileType = wrapper.framework; path = FirebaseCoreDiagnostics.framework; sourceTree = BUILT_PRODUCTS_DIR; };
		6F43AB27240D3D9100351AD0 /* FirebaseDatabase.framework */ = {isa = PBXFileReference; explicitFileType = wrapper.framework; path = FirebaseDatabase.framework; sourceTree = BUILT_PRODUCTS_DIR; };
		6F43AB28240D3D9100351AD0 /* FirebaseInstallations.framework */ = {isa = PBXFileReference; explicitFileType = wrapper.framework; path = FirebaseInstallations.framework; sourceTree = BUILT_PRODUCTS_DIR; };
		6F43AB29240D3D9100351AD0 /* FirebaseStorage.framework */ = {isa = PBXFileReference; explicitFileType = wrapper.framework; path = FirebaseStorage.framework; sourceTree = BUILT_PRODUCTS_DIR; };
		6F43AB2A240D3D9100351AD0 /* GoogleDataTransport.framework */ = {isa = PBXFileReference; explicitFileType = wrapper.framework; path = GoogleDataTransport.framework; sourceTree = BUILT_PRODUCTS_DIR; };
		6F43AB2B240D3D9100351AD0 /* GoogleDataTransportCCTSupport.framework */ = {isa = PBXFileReference; explicitFileType = wrapper.framework; path = GoogleDataTransportCCTSupport.framework; sourceTree = BUILT_PRODUCTS_DIR; };
		6F43AB2C240D3D9100351AD0 /* GoogleUtilities.framework */ = {isa = PBXFileReference; explicitFileType = wrapper.framework; path = GoogleUtilities.framework; sourceTree = BUILT_PRODUCTS_DIR; };
		6F43AB2D240D3D9100351AD0 /* GTMSessionFetcher.framework */ = {isa = PBXFileReference; explicitFileType = wrapper.framework; path = GTMSessionFetcher.framework; sourceTree = BUILT_PRODUCTS_DIR; };
		6F43AB2E240D3D9100351AD0 /* leveldb.framework */ = {isa = PBXFileReference; explicitFileType = wrapper.framework; path = leveldb.framework; sourceTree = BUILT_PRODUCTS_DIR; };
		6F43AB2F240D3D9100351AD0 /* nanopb.framework */ = {isa = PBXFileReference; explicitFileType = wrapper.framework; path = nanopb.framework; sourceTree = BUILT_PRODUCTS_DIR; };
		6F43AB68240D3E9000351AD0 /* FirebaseAuth.framework */ = {isa = PBXFileReference; explicitFileType = wrapper.framework; path = FirebaseAuth.framework; sourceTree = BUILT_PRODUCTS_DIR; };
		6F43AB6C240D480400351AD0 /* Utilities.swift */ = {isa = PBXFileReference; lastKnownFileType = sourcecode.swift; path = Utilities.swift; sourceTree = "<group>"; };
		6F43AB70240D524100351AD0 /* Constants.swift */ = {isa = PBXFileReference; lastKnownFileType = sourcecode.swift; path = Constants.swift; sourceTree = "<group>"; };
		6F43AB77240ECF5F00351AD0 /* FjallaOne-Regular.ttf */ = {isa = PBXFileReference; lastKnownFileType = file; path = "FjallaOne-Regular.ttf"; sourceTree = "<group>"; };
		6F43AB81240ED3DB00351AD0 /* RoundTextField.swift */ = {isa = PBXFileReference; lastKnownFileType = sourcecode.swift; path = RoundTextField.swift; sourceTree = "<group>"; };
		6F89B32A241A6340001CF0BF /* LibraryTableViewController.swift */ = {isa = PBXFileReference; lastKnownFileType = sourcecode.swift; path = LibraryTableViewController.swift; sourceTree = "<group>"; };
		6F89B32C241A637F001CF0BF /* LibraryNavigationController.swift */ = {isa = PBXFileReference; lastKnownFileType = sourcecode.swift; path = LibraryNavigationController.swift; sourceTree = "<group>"; };
		6F89B330241A63BC001CF0BF /* MapViewController.swift */ = {isa = PBXFileReference; lastKnownFileType = sourcecode.swift; path = MapViewController.swift; sourceTree = "<group>"; };
		6F89B332241A63EC001CF0BF /* MapNavigationController.swift */ = {isa = PBXFileReference; lastKnownFileType = sourcecode.swift; path = MapNavigationController.swift; sourceTree = "<group>"; };
		6F89B334241A6411001CF0BF /* ProfileViewController.swift */ = {isa = PBXFileReference; lastKnownFileType = sourcecode.swift; path = ProfileViewController.swift; sourceTree = "<group>"; };
		6F89B339241A66DF001CF0BF /* Book.swift */ = {isa = PBXFileReference; lastKnownFileType = sourcecode.swift; path = Book.swift; sourceTree = "<group>"; };
		6F89B33B241A6904001CF0BF /* BookTableViewCell.swift */ = {isa = PBXFileReference; fileEncoding = 4; lastKnownFileType = sourcecode.swift; path = BookTableViewCell.swift; sourceTree = "<group>"; };
		6F9C546B2414362E00ED2E4C /* logo.png */ = {isa = PBXFileReference; lastKnownFileType = image.png; path = logo.png; sourceTree = "<group>"; };
		6F9E9912241CDC900012A6B7 /* User.swift */ = {isa = PBXFileReference; lastKnownFileType = sourcecode.swift; path = User.swift; sourceTree = "<group>"; };
		6FF9EF65240578F40021A25B /* SmartLibrary.app */ = {isa = PBXFileReference; explicitFileType = wrapper.application; includeInIndex = 0; path = SmartLibrary.app; sourceTree = BUILT_PRODUCTS_DIR; };
		6FF9EF68240578F40021A25B /* AppDelegate.swift */ = {isa = PBXFileReference; lastKnownFileType = sourcecode.swift; path = AppDelegate.swift; sourceTree = "<group>"; };
		6FF9EF6A240578F40021A25B /* SceneDelegate.swift */ = {isa = PBXFileReference; lastKnownFileType = sourcecode.swift; path = SceneDelegate.swift; sourceTree = "<group>"; };
		6FF9EF6C240578F40021A25B /* ViewController.swift */ = {isa = PBXFileReference; lastKnownFileType = sourcecode.swift; path = ViewController.swift; sourceTree = "<group>"; };
		6FF9EF6F240578F40021A25B /* Base */ = {isa = PBXFileReference; lastKnownFileType = file.storyboard; name = Base; path = Base.lproj/Main.storyboard; sourceTree = "<group>"; };
		6FF9EF71240578F60021A25B /* Assets.xcassets */ = {isa = PBXFileReference; lastKnownFileType = folder.assetcatalog; path = Assets.xcassets; sourceTree = "<group>"; };
		6FF9EF74240578F60021A25B /* Base */ = {isa = PBXFileReference; lastKnownFileType = file.storyboard; name = Base; path = Base.lproj/LaunchScreen.storyboard; sourceTree = "<group>"; };
		6FF9EF76240578F60021A25B /* Info.plist */ = {isa = PBXFileReference; lastKnownFileType = text.plist.xml; path = Info.plist; sourceTree = "<group>"; };
		A0E6EB09C0380EA7B0922243 /* Pods_SmartLibrary.framework */ = {isa = PBXFileReference; explicitFileType = wrapper.framework; includeInIndex = 0; path = Pods_SmartLibrary.framework; sourceTree = BUILT_PRODUCTS_DIR; };
		F3259FCDF7FA98E8D49A25B2 /* Pods-SmartLibrary.debug.xcconfig */ = {isa = PBXFileReference; includeInIndex = 1; lastKnownFileType = text.xcconfig; name = "Pods-SmartLibrary.debug.xcconfig"; path = "Target Support Files/Pods-SmartLibrary/Pods-SmartLibrary.debug.xcconfig"; sourceTree = "<group>"; };
		FD0406B17C27BBFF55F5CBBA /* Pods-SmartLibrary.release.xcconfig */ = {isa = PBXFileReference; includeInIndex = 1; lastKnownFileType = text.xcconfig; name = "Pods-SmartLibrary.release.xcconfig"; path = "Target Support Files/Pods-SmartLibrary/Pods-SmartLibrary.release.xcconfig"; sourceTree = "<group>"; };
/* End PBXFileReference section */

/* Begin PBXFrameworksBuildPhase section */
		6FF9EF62240578F40021A25B /* Frameworks */ = {
			isa = PBXFrameworksBuildPhase;
			buildActionMask = 2147483647;
			files = (
				6F43AB65240D3DBD00351AD0 /* Pods_SmartLibrary.framework in Frameworks */,
			);
			runOnlyForDeploymentPostprocessing = 0;
		};
/* End PBXFrameworksBuildPhase section */

/* Begin PBXGroup section */
		6F29EC4F2405808800CAE702 /* Views */ = {
			isa = PBXGroup;
			children = (
				6F89B33B241A6904001CF0BF /* BookTableViewCell.swift */,
				6F10A7D0240818D20072A71A /* MainTabBarController.swift */,
				6FF9EF6C240578F40021A25B /* ViewController.swift */,
				6F43AAB7240B822800351AD0 /* ProfileNavigationController.swift */,
				6F89B334241A6411001CF0BF /* ProfileViewController.swift */,
				6F43AAB9240B8BBE00351AD0 /* RegisterViewController.swift */,
				6F89B32A241A6340001CF0BF /* LibraryTableViewController.swift */,
				6F89B32C241A637F001CF0BF /* LibraryNavigationController.swift */,
				6F89B330241A63BC001CF0BF /* MapViewController.swift */,
				6F89B332241A63EC001CF0BF /* MapNavigationController.swift */,
				6F301D9B241C9748007DB4E3 /* DetailBookViewController.swift */,
			);
			path = Views;
			sourceTree = "<group>";
		};
		6F29EC52240580BE00CAE702 /* Extensions */ = {
			isa = PBXGroup;
			children = (
				6F29EC50240580B800CAE702 /* Extension.swift */,
			);
			path = Extensions;
			sourceTree = "<group>";
		};
		6F43AB6B240D47F300351AD0 /* Helpers */ = {
			isa = PBXGroup;
			children = (
				6F43AB6C240D480400351AD0 /* Utilities.swift */,
				6F43AB70240D524100351AD0 /* Constants.swift */,
			);
			path = Helpers;
			sourceTree = "<group>";
		};
		6F43AB76240ECF4700351AD0 /* Fonts */ = {
			isa = PBXGroup;
			children = (
				6F43AB77240ECF5F00351AD0 /* FjallaOne-Regular.ttf */,
			);
			path = Fonts;
			sourceTree = "<group>";
		};
		6F43AB7C240ED2FE00351AD0 /* UIHelpers */ = {
			isa = PBXGroup;
			children = (
				6F43AB81240ED3DB00351AD0 /* RoundTextField.swift */,
				6F301D99241C0CAD007DB4E3 /* BookImage.swift */,
			);
			path = UIHelpers;
			sourceTree = "<group>";
		};
		6F89B336241A669A001CF0BF /* Objects */ = {
			isa = PBXGroup;
			children = (
				6F89B339241A66DF001CF0BF /* Book.swift */,
				6F9E9912241CDC900012A6B7 /* User.swift */,
			);
			path = Objects;
			sourceTree = "<group>";
		};
		6F9C5469241435FD00ED2E4C /* Resources */ = {
			isa = PBXGroup;
			children = (
				6F43AB76240ECF4700351AD0 /* Fonts */,
				6F9C546A2414360600ED2E4C /* Pictures */,
			);
			path = Resources;
			sourceTree = "<group>";
		};
		6F9C546A2414360600ED2E4C /* Pictures */ = {
			isa = PBXGroup;
			children = (
				6F301D97241C0B55007DB4E3 /* logo_book.png */,
				6F9C546B2414362E00ED2E4C /* logo.png */,
			);
			path = Pictures;
			sourceTree = "<group>";
		};
		6FF9EF5C240578F40021A25B = {
			isa = PBXGroup;
			children = (
				6FF9EF67240578F40021A25B /* SmartLibrary */,
				6FF9EF66240578F40021A25B /* Products */,
				B71CB706E835A896762C1857 /* Pods */,
				D6BF6AFA2BA3349BC44C4733 /* Frameworks */,
				6F43AB1F240D38A400351AD0 /* SmartLibrary copy-Info.plist */,
			);
			sourceTree = "<group>";
		};
		6FF9EF66240578F40021A25B /* Products */ = {
			isa = PBXGroup;
			children = (
				6FF9EF65240578F40021A25B /* SmartLibrary.app */,
			);
			name = Products;
			sourceTree = "<group>";
		};
		6FF9EF67240578F40021A25B /* SmartLibrary */ = {
			isa = PBXGroup;
			children = (
				6F89B336241A669A001CF0BF /* Objects */,
				6F9C5469241435FD00ED2E4C /* Resources */,
				6F43AB7C240ED2FE00351AD0 /* UIHelpers */,
				6F43AB6B240D47F300351AD0 /* Helpers */,
				6F29EC52240580BE00CAE702 /* Extensions */,
				6F29EC4F2405808800CAE702 /* Views */,
				6FF9EF68240578F40021A25B /* AppDelegate.swift */,
				6FF9EF6A240578F40021A25B /* SceneDelegate.swift */,
				6FF9EF6E240578F40021A25B /* Main.storyboard */,
				6FF9EF71240578F60021A25B /* Assets.xcassets */,
				6FF9EF73240578F60021A25B /* LaunchScreen.storyboard */,
				6FF9EF76240578F60021A25B /* Info.plist */,
				6F43AABB240B906100351AD0 /* GoogleService-Info.plist */,
			);
			path = SmartLibrary;
			sourceTree = "<group>";
		};
		B71CB706E835A896762C1857 /* Pods */ = {
			isa = PBXGroup;
			children = (
				F3259FCDF7FA98E8D49A25B2 /* Pods-SmartLibrary.debug.xcconfig */,
				FD0406B17C27BBFF55F5CBBA /* Pods-SmartLibrary.release.xcconfig */,
			);
			path = Pods;
			sourceTree = "<group>";
		};
		D6BF6AFA2BA3349BC44C4733 /* Frameworks */ = {
			isa = PBXGroup;
			children = (
				6F43AB68240D3E9000351AD0 /* FirebaseAuth.framework */,
				6F43AB23240D3D9100351AD0 /* FBLPromises.framework */,
				6F43AB24240D3D9100351AD0 /* FirebaseAuth.framework */,
				6F43AB25240D3D9100351AD0 /* FirebaseCore.framework */,
				6F43AB26240D3D9100351AD0 /* FirebaseCoreDiagnostics.framework */,
				6F43AB27240D3D9100351AD0 /* FirebaseDatabase.framework */,
				6F43AB28240D3D9100351AD0 /* FirebaseInstallations.framework */,
				6F43AB29240D3D9100351AD0 /* FirebaseStorage.framework */,
				6F43AB2A240D3D9100351AD0 /* GoogleDataTransport.framework */,
				6F43AB2B240D3D9100351AD0 /* GoogleDataTransportCCTSupport.framework */,
				6F43AB2C240D3D9100351AD0 /* GoogleUtilities.framework */,
				6F43AB2D240D3D9100351AD0 /* GTMSessionFetcher.framework */,
				6F43AB2E240D3D9100351AD0 /* leveldb.framework */,
				6F43AB2F240D3D9100351AD0 /* nanopb.framework */,
				6F43AB20240D39CA00351AD0 /* FirebaseAuth.framework */,
				6F43AAFD240D357600351AD0 /* FirebaseAuth.framework */,
				6F43AAE7240D352B00351AD0 /* FirebaseAuth.framework */,
				6F43AAE8240D352B00351AD0 /* FirebaseCore.framework */,
				6F43AAE9240D352B00351AD0 /* FirebaseCoreDiagnostics.framework */,
				6F43AAEA240D352B00351AD0 /* FirebaseDatabase.framework */,
				6F43AAEB240D352B00351AD0 /* FirebaseInstallations.framework */,
				6F43AAEC240D352B00351AD0 /* FirebaseStorage.framework */,
				6F43AAED240D352B00351AD0 /* GoogleDataTransport.framework */,
				6F43AABD240D350D00351AD0 /* FBLPromises.framework */,
				6F43AABE240D350D00351AD0 /* FirebaseAuth.framework */,
				6F43AABF240D350D00351AD0 /* FirebaseCore.framework */,
				6F43AAC0240D350D00351AD0 /* FirebaseCoreDiagnostics.framework */,
				6F43AAC1240D350D00351AD0 /* FirebaseDatabase.framework */,
				6F43AAC2240D350D00351AD0 /* FirebaseInstallations.framework */,
				6F43AAC3240D350D00351AD0 /* FirebaseStorage.framework */,
				6F43AAC4240D350D00351AD0 /* GoogleDataTransport.framework */,
				6F43AAC5240D350D00351AD0 /* GoogleDataTransportCCTSupport.framework */,
				6F43AAC6240D350D00351AD0 /* GoogleUtilities.framework */,
				6F43AAC7240D350D00351AD0 /* GTMSessionFetcher.framework */,
				6F43AAC8240D350D00351AD0 /* leveldb.framework */,
				6F43AAC9240D350D00351AD0 /* nanopb.framework */,
				A0E6EB09C0380EA7B0922243 /* Pods_SmartLibrary.framework */,
			);
			name = Frameworks;
			sourceTree = "<group>";
		};
/* End PBXGroup section */

/* Begin PBXNativeTarget section */
		6FF9EF64240578F40021A25B /* SmartLibrary */ = {
			isa = PBXNativeTarget;
			buildConfigurationList = 6FF9EF79240578F60021A25B /* Build configuration list for PBXNativeTarget "SmartLibrary" */;
			buildPhases = (
				B2D55FCD592F8D5B3F3A1286 /* [CP] Check Pods Manifest.lock */,
				6FF9EF61240578F40021A25B /* Sources */,
				6FF9EF62240578F40021A25B /* Frameworks */,
				6FF9EF63240578F40021A25B /* Resources */,
				2374215FD0A53F641EE3A5F7 /* [CP] Embed Pods Frameworks */,
				6F43AB67240D3DBD00351AD0 /* Embed Frameworks */,
			);
			buildRules = (
			);
			dependencies = (
			);
			name = SmartLibrary;
			productName = SmartLibrary;
			productReference = 6FF9EF65240578F40021A25B /* SmartLibrary.app */;
			productType = "com.apple.product-type.application";
		};
/* End PBXNativeTarget section */

/* Begin PBXProject section */
		6FF9EF5D240578F40021A25B /* Project object */ = {
			isa = PBXProject;
			attributes = {
				LastSwiftUpdateCheck = 1130;
				LastUpgradeCheck = 1130;
				ORGANIZATIONNAME = "Kirill Galimzyanov";
				TargetAttributes = {
					6FF9EF64240578F40021A25B = {
						CreatedOnToolsVersion = 11.3.1;
					};
				};
			};
			buildConfigurationList = 6FF9EF60240578F40021A25B /* Build configuration list for PBXProject "SmartLibrary" */;
			compatibilityVersion = "Xcode 9.3";
			developmentRegion = en;
			hasScannedForEncodings = 0;
			knownRegions = (
				en,
				Base,
			);
			mainGroup = 6FF9EF5C240578F40021A25B;
			productRefGroup = 6FF9EF66240578F40021A25B /* Products */;
			projectDirPath = "";
			projectRoot = "";
			targets = (
				6FF9EF64240578F40021A25B /* SmartLibrary */,
			);
		};
/* End PBXProject section */

/* Begin PBXResourcesBuildPhase section */
		6FF9EF63240578F40021A25B /* Resources */ = {
			isa = PBXResourcesBuildPhase;
			buildActionMask = 2147483647;
			files = (
				6F43AB78240ECF5F00351AD0 /* FjallaOne-Regular.ttf in Resources */,
				6FF9EF75240578F60021A25B /* LaunchScreen.storyboard in Resources */,
				6F301D98241C0B55007DB4E3 /* logo_book.png in Resources */,
				6F43AABC240B906100351AD0 /* GoogleService-Info.plist in Resources */,
				6F9C546C2414362E00ED2E4C /* logo.png in Resources */,
				6FF9EF72240578F60021A25B /* Assets.xcassets in Resources */,
				6FF9EF70240578F40021A25B /* Main.storyboard in Resources */,
			);
			runOnlyForDeploymentPostprocessing = 0;
		};
/* End PBXResourcesBuildPhase section */

/* Begin PBXShellScriptBuildPhase section */
		2374215FD0A53F641EE3A5F7 /* [CP] Embed Pods Frameworks */ = {
			isa = PBXShellScriptBuildPhase;
			buildActionMask = 2147483647;
			files = (
			);
			inputFileListPaths = (
				"${PODS_ROOT}/Target Support Files/Pods-SmartLibrary/Pods-SmartLibrary-frameworks-${CONFIGURATION}-input-files.xcfilelist",
			);
			name = "[CP] Embed Pods Frameworks";
			outputFileListPaths = (
				"${PODS_ROOT}/Target Support Files/Pods-SmartLibrary/Pods-SmartLibrary-frameworks-${CONFIGURATION}-output-files.xcfilelist",
			);
			runOnlyForDeploymentPostprocessing = 0;
			shellPath = /bin/sh;
			shellScript = "\"${PODS_ROOT}/Target Support Files/Pods-SmartLibrary/Pods-SmartLibrary-frameworks.sh\"\n";
			showEnvVarsInLog = 0;
		};
		B2D55FCD592F8D5B3F3A1286 /* [CP] Check Pods Manifest.lock */ = {
			isa = PBXShellScriptBuildPhase;
			buildActionMask = 2147483647;
			files = (
			);
			inputFileListPaths = (
			);
			inputPaths = (
				"${PODS_PODFILE_DIR_PATH}/Podfile.lock",
				"${PODS_ROOT}/Manifest.lock",
			);
			name = "[CP] Check Pods Manifest.lock";
			outputFileListPaths = (
			);
			outputPaths = (
				"$(DERIVED_FILE_DIR)/Pods-SmartLibrary-checkManifestLockResult.txt",
			);
			runOnlyForDeploymentPostprocessing = 0;
			shellPath = /bin/sh;
			shellScript = "diff \"${PODS_PODFILE_DIR_PATH}/Podfile.lock\" \"${PODS_ROOT}/Manifest.lock\" > /dev/null\nif [ $? != 0 ] ; then\n    # print error to STDERR\n    echo \"error: The sandbox is not in sync with the Podfile.lock. Run 'pod install' or update your CocoaPods installation.\" >&2\n    exit 1\nfi\n# This output is used by Xcode 'outputs' to avoid re-running this script phase.\necho \"SUCCESS\" > \"${SCRIPT_OUTPUT_FILE_0}\"\n";
			showEnvVarsInLog = 0;
		};
/* End PBXShellScriptBuildPhase section */

/* Begin PBXSourcesBuildPhase section */
		6FF9EF61240578F40021A25B /* Sources */ = {
			isa = PBXSourcesBuildPhase;
			buildActionMask = 2147483647;
			files = (
				6F89B333241A63EC001CF0BF /* MapNavigationController.swift in Sources */,
				6F43AABA240B8BBE00351AD0 /* RegisterViewController.swift in Sources */,
				6F43AB6D240D480400351AD0 /* Utilities.swift in Sources */,
				6FF9EF6D240578F40021A25B /* ViewController.swift in Sources */,
				6FF9EF69240578F40021A25B /* AppDelegate.swift in Sources */,
				6F10A7D1240818D20072A71A /* MainTabBarController.swift in Sources */,
				6F89B32B241A6340001CF0BF /* LibraryTableViewController.swift in Sources */,
				6F89B331241A63BC001CF0BF /* MapViewController.swift in Sources */,
				6F9E9913241CDC900012A6B7 /* User.swift in Sources */,
				6FF9EF6B240578F40021A25B /* SceneDelegate.swift in Sources */,
				6F89B33C241A6904001CF0BF /* BookTableViewCell.swift in Sources */,
				6F43AB82240ED3DB00351AD0 /* RoundTextField.swift in Sources */,
				6F29EC51240580B800CAE702 /* Extension.swift in Sources */,
				6F43AAB8240B822800351AD0 /* ProfileNavigationController.swift in Sources */,
				6F89B335241A6411001CF0BF /* ProfileViewController.swift in Sources */,
				6F43AB71240D524100351AD0 /* Constants.swift in Sources */,
				6F89B32D241A637F001CF0BF /* LibraryNavigationController.swift in Sources */,
				6F301D9A241C0CAD007DB4E3 /* BookImage.swift in Sources */,
				6F89B33A241A66DF001CF0BF /* Book.swift in Sources */,
				6F301D9C241C9748007DB4E3 /* DetailBookViewController.swift in Sources */,
			);
			runOnlyForDeploymentPostprocessing = 0;
		};
/* End PBXSourcesBuildPhase section */

/* Begin PBXVariantGroup section */
		6FF9EF6E240578F40021A25B /* Main.storyboard */ = {
			isa = PBXVariantGroup;
			children = (
				6FF9EF6F240578F40021A25B /* Base */,
			);
			name = Main.storyboard;
			sourceTree = "<group>";
		};
		6FF9EF73240578F60021A25B /* LaunchScreen.storyboard */ = {
			isa = PBXVariantGroup;
			children = (
				6FF9EF74240578F60021A25B /* Base */,
			);
			name = LaunchScreen.storyboard;
			sourceTree = "<group>";
		};
/* End PBXVariantGroup section */

/* Begin XCBuildConfiguration section */
		6FF9EF77240578F60021A25B /* Debug */ = {
			isa = XCBuildConfiguration;
			buildSettings = {
				ALWAYS_EMBED_SWIFT_STANDARD_LIBRARIES = YES;
				ALWAYS_SEARCH_USER_PATHS = NO;
				CLANG_ANALYZER_NONNULL = YES;
				CLANG_ANALYZER_NUMBER_OBJECT_CONVERSION = YES_AGGRESSIVE;
				CLANG_CXX_LANGUAGE_STANDARD = "gnu++14";
				CLANG_CXX_LIBRARY = "libc++";
				CLANG_ENABLE_MODULES = YES;
				CLANG_ENABLE_OBJC_ARC = YES;
				CLANG_ENABLE_OBJC_WEAK = YES;
				CLANG_WARN_BLOCK_CAPTURE_AUTORELEASING = YES;
				CLANG_WARN_BOOL_CONVERSION = YES;
				CLANG_WARN_COMMA = YES;
				CLANG_WARN_CONSTANT_CONVERSION = YES;
				CLANG_WARN_DEPRECATED_OBJC_IMPLEMENTATIONS = YES;
				CLANG_WARN_DIRECT_OBJC_ISA_USAGE = YES_ERROR;
				CLANG_WARN_DOCUMENTATION_COMMENTS = YES;
				CLANG_WARN_EMPTY_BODY = YES;
				CLANG_WARN_ENUM_CONVERSION = YES;
				CLANG_WARN_INFINITE_RECURSION = YES;
				CLANG_WARN_INT_CONVERSION = YES;
				CLANG_WARN_NON_LITERAL_NULL_CONVERSION = YES;
				CLANG_WARN_OBJC_IMPLICIT_RETAIN_SELF = YES;
				CLANG_WARN_OBJC_LITERAL_CONVERSION = YES;
				CLANG_WARN_OBJC_ROOT_CLASS = YES_ERROR;
				CLANG_WARN_RANGE_LOOP_ANALYSIS = YES;
				CLANG_WARN_STRICT_PROTOTYPES = YES;
				CLANG_WARN_SUSPICIOUS_MOVE = YES;
				CLANG_WARN_UNGUARDED_AVAILABILITY = YES_AGGRESSIVE;
				CLANG_WARN_UNREACHABLE_CODE = YES;
				CLANG_WARN__DUPLICATE_METHOD_MATCH = YES;
				COPY_PHASE_STRIP = NO;
				DEBUG_INFORMATION_FORMAT = dwarf;
				ENABLE_STRICT_OBJC_MSGSEND = YES;
				ENABLE_TESTABILITY = YES;
				GCC_C_LANGUAGE_STANDARD = gnu11;
				GCC_DYNAMIC_NO_PIC = NO;
				GCC_NO_COMMON_BLOCKS = YES;
				GCC_OPTIMIZATION_LEVEL = 0;
				GCC_PREPROCESSOR_DEFINITIONS = (
					"DEBUG=1",
					"$(inherited)",
				);
				GCC_WARN_64_TO_32_BIT_CONVERSION = YES;
				GCC_WARN_ABOUT_RETURN_TYPE = YES_ERROR;
				GCC_WARN_UNDECLARED_SELECTOR = YES;
				GCC_WARN_UNINITIALIZED_AUTOS = YES_AGGRESSIVE;
				GCC_WARN_UNUSED_FUNCTION = YES;
				GCC_WARN_UNUSED_VARIABLE = YES;
				IPHONEOS_DEPLOYMENT_TARGET = 13.2;
				MTL_ENABLE_DEBUG_INFO = INCLUDE_SOURCE;
				MTL_FAST_MATH = YES;
				ONLY_ACTIVE_ARCH = YES;
				SDKROOT = iphoneos;
				SWIFT_ACTIVE_COMPILATION_CONDITIONS = DEBUG;
				SWIFT_OPTIMIZATION_LEVEL = "-Onone";
			};
			name = Debug;
		};
		6FF9EF78240578F60021A25B /* Release */ = {
			isa = XCBuildConfiguration;
			buildSettings = {
				ALWAYS_EMBED_SWIFT_STANDARD_LIBRARIES = YES;
				ALWAYS_SEARCH_USER_PATHS = NO;
				CLANG_ANALYZER_NONNULL = YES;
				CLANG_ANALYZER_NUMBER_OBJECT_CONVERSION = YES_AGGRESSIVE;
				CLANG_CXX_LANGUAGE_STANDARD = "gnu++14";
				CLANG_CXX_LIBRARY = "libc++";
				CLANG_ENABLE_MODULES = YES;
				CLANG_ENABLE_OBJC_ARC = YES;
				CLANG_ENABLE_OBJC_WEAK = YES;
				CLANG_WARN_BLOCK_CAPTURE_AUTORELEASING = YES;
				CLANG_WARN_BOOL_CONVERSION = YES;
				CLANG_WARN_COMMA = YES;
				CLANG_WARN_CONSTANT_CONVERSION = YES;
				CLANG_WARN_DEPRECATED_OBJC_IMPLEMENTATIONS = YES;
				CLANG_WARN_DIRECT_OBJC_ISA_USAGE = YES_ERROR;
				CLANG_WARN_DOCUMENTATION_COMMENTS = YES;
				CLANG_WARN_EMPTY_BODY = YES;
				CLANG_WARN_ENUM_CONVERSION = YES;
				CLANG_WARN_INFINITE_RECURSION = YES;
				CLANG_WARN_INT_CONVERSION = YES;
				CLANG_WARN_NON_LITERAL_NULL_CONVERSION = YES;
				CLANG_WARN_OBJC_IMPLICIT_RETAIN_SELF = YES;
				CLANG_WARN_OBJC_LITERAL_CONVERSION = YES;
				CLANG_WARN_OBJC_ROOT_CLASS = YES_ERROR;
				CLANG_WARN_RANGE_LOOP_ANALYSIS = YES;
				CLANG_WARN_STRICT_PROTOTYPES = YES;
				CLANG_WARN_SUSPICIOUS_MOVE = YES;
				CLANG_WARN_UNGUARDED_AVAILABILITY = YES_AGGRESSIVE;
				CLANG_WARN_UNREACHABLE_CODE = YES;
				CLANG_WARN__DUPLICATE_METHOD_MATCH = YES;
				COPY_PHASE_STRIP = NO;
				DEBUG_INFORMATION_FORMAT = "dwarf-with-dsym";
				ENABLE_NS_ASSERTIONS = NO;
				ENABLE_STRICT_OBJC_MSGSEND = YES;
				GCC_C_LANGUAGE_STANDARD = gnu11;
				GCC_NO_COMMON_BLOCKS = YES;
				GCC_WARN_64_TO_32_BIT_CONVERSION = YES;
				GCC_WARN_ABOUT_RETURN_TYPE = YES_ERROR;
				GCC_WARN_UNDECLARED_SELECTOR = YES;
				GCC_WARN_UNINITIALIZED_AUTOS = YES_AGGRESSIVE;
				GCC_WARN_UNUSED_FUNCTION = YES;
				GCC_WARN_UNUSED_VARIABLE = YES;
				IPHONEOS_DEPLOYMENT_TARGET = 13.2;
				MTL_ENABLE_DEBUG_INFO = NO;
				MTL_FAST_MATH = YES;
				SDKROOT = iphoneos;
				SWIFT_COMPILATION_MODE = wholemodule;
				SWIFT_OPTIMIZATION_LEVEL = "-O";
				VALIDATE_PRODUCT = YES;
			};
			name = Release;
		};
		6FF9EF7A240578F60021A25B /* Debug */ = {
			isa = XCBuildConfiguration;
			baseConfigurationReference = F3259FCDF7FA98E8D49A25B2 /* Pods-SmartLibrary.debug.xcconfig */;
			buildSettings = {
				ASSETCATALOG_COMPILER_APPICON_NAME = AppIcon;
				CODE_SIGN_STYLE = Automatic;
				DEVELOPMENT_TEAM = B75V6HKGL8;
				INFOPLIST_FILE = SmartLibrary/Info.plist;
				LD_RUNPATH_SEARCH_PATHS = (
					"$(inherited)",
					"@executable_path/Frameworks",
				);
				PRODUCT_BUNDLE_IDENTIFIER = totalboy.SmartLibrary;
				PRODUCT_NAME = "$(TARGET_NAME)";
				SWIFT_VERSION = 5.0;
				TARGETED_DEVICE_FAMILY = "1,2";
			};
			name = Debug;
		};
		6FF9EF7B240578F60021A25B /* Release */ = {
			isa = XCBuildConfiguration;
			baseConfigurationReference = FD0406B17C27BBFF55F5CBBA /* Pods-SmartLibrary.release.xcconfig */;
			buildSettings = {
				ASSETCATALOG_COMPILER_APPICON_NAME = AppIcon;
				CODE_SIGN_STYLE = Automatic;
				DEVELOPMENT_TEAM = B75V6HKGL8;
				INFOPLIST_FILE = SmartLibrary/Info.plist;
				LD_RUNPATH_SEARCH_PATHS = (
					"$(inherited)",
					"@executable_path/Frameworks",
				);
				PRODUCT_BUNDLE_IDENTIFIER = totalboy.SmartLibrary;
				PRODUCT_NAME = "$(TARGET_NAME)";
				SWIFT_VERSION = 5.0;
				TARGETED_DEVICE_FAMILY = "1,2";
			};
			name = Release;
		};
/* End XCBuildConfiguration section */

/* Begin XCConfigurationList section */
		6FF9EF60240578F40021A25B /* Build configuration list for PBXProject "SmartLibrary" */ = {
			isa = XCConfigurationList;
			buildConfigurations = (
				6FF9EF77240578F60021A25B /* Debug */,
				6FF9EF78240578F60021A25B /* Release */,
			);
			defaultConfigurationIsVisible = 0;
			defaultConfigurationName = Release;
		};
		6FF9EF79240578F60021A25B /* Build configuration list for PBXNativeTarget "SmartLibrary" */ = {
			isa = XCConfigurationList;
			buildConfigurations = (
				6FF9EF7A240578F60021A25B /* Debug */,
				6FF9EF7B240578F60021A25B /* Release */,
			);
			defaultConfigurationIsVisible = 0;
			defaultConfigurationName = Release;
		};
/* End XCConfigurationList section */
	};
	rootObject = 6FF9EF5D240578F40021A25B /* Project object */;
}
